{
  "originHash" : "0bbc5908a5db7619f44bab93ac4a860f29119cd8ecb5e3fe582ad8a5f8255edf",
  "pins" : [
    {
      "identity" : "swift-syntax",
      "kind" : "remoteSourceControl",
      "location" : "https://github.com/swiftlang/swift-syntax.git",
      "state" : {
        "revision" : "0687f71944021d616d34d922343dcef086855920",
        "version" : "600.0.1"
      }
    },
    {
      "identity" : "swiftui-tooltip",
      "kind" : "remoteSourceControl",
      "location" : "https://github.com/quassum/SwiftUI-Tooltip.git",
      "state" : {
        "branch" : "main",
        "revision" : "3bef9a21e2bcf1d0f078ddf6731c3c8996f32c3e"
      }
    }
  ],
  "version" : 3
}
